// !$*UTF8*$!
{
	archiveVersion = 1;
	classes = {
	};
	objectVersion = 50;
	objects = {

/* Begin PBXBuildFile section */
		C59C833421CE1E6F00CBD7EA /* AppDelegate.swift in Sources */ = {isa = PBXBuildFile; fileRef = C59C833321CE1E6F00CBD7EA /* AppDelegate.swift */; };
		C59C833621CE1E6F00CBD7EA /* ViewController.swift in Sources */ = {isa = PBXBuildFile; fileRef = C59C833521CE1E6F00CBD7EA /* ViewController.swift */; };
		C59C833921CE1E6F00CBD7EA /* Main.storyboard in Resources */ = {isa = PBXBuildFile; fileRef = C59C833721CE1E6F00CBD7EA /* Main.storyboard */; };
		C59C833C21CE1E6F00CBD7EA /* projectmap.xcdatamodeld in Sources */ = {isa = PBXBuildFile; fileRef = C59C833A21CE1E6F00CBD7EA /* projectmap.xcdatamodeld */; };
		C59C833E21CE1E7000CBD7EA /* Assets.xcassets in Resources */ = {isa = PBXBuildFile; fileRef = C59C833D21CE1E7000CBD7EA /* Assets.xcassets */; };
		C59C834121CE1E7000CBD7EA /* LaunchScreen.storyboard in Resources */ = {isa = PBXBuildFile; fileRef = C59C833F21CE1E7000CBD7EA /* LaunchScreen.storyboard */; };
/* End PBXBuildFile section */

/* Begin PBXFileReference section */
		C59C833021CE1E6F00CBD7EA /* projectmap.app */ = {isa = PBXFileReference; explicitFileType = wrapper.application; includeInIndex = 0; path = projectmap.app; sourceTree = BUILT_PRODUCTS_DIR; };
		C59C833321CE1E6F00CBD7EA /* AppDelegate.swift */ = {isa = PBXFileReference; lastKnownFileType = sourcecode.swift; path = AppDelegate.swift; sourceTree = "<group>"; };
		C59C833521CE1E6F00CBD7EA /* ViewController.swift */ = {isa = PBXFileReference; lastKnownFileType = sourcecode.swift; path = ViewController.swift; sourceTree = "<group>"; };
		C59C833821CE1E6F00CBD7EA /* Base */ = {isa = PBXFileReference; lastKnownFileType = file.storyboard; name = Base; path = Base.lproj/Main.storyboard; sourceTree = "<group>"; };
		C59C833B21CE1E6F00CBD7EA /* projectmap.xcdatamodel */ = {isa = PBXFileReference; lastKnownFileType = wrapper.xcdatamodel; path = projectmap.xcdatamodel; sourceTree = "<group>"; };
		C59C833D21CE1E7000CBD7EA /* Assets.xcassets */ = {isa = PBXFileReference; lastKnownFileType = folder.assetcatalog; path = Assets.xcassets; sourceTree = "<group>"; };
		C59C834021CE1E7000CBD7EA /* Base */ = {isa = PBXFileReference; lastKnownFileType = file.storyboard; name = Base; path = Base.lproj/LaunchScreen.storyboard; sourceTree = "<group>"; };
		C59C834221CE1E7000CBD7EA /* Info.plist */ = {isa = PBXFileReference; lastKnownFileType = text.plist.xml; path = Info.plist; sourceTree = "<group>"; };
/* End PBXFileReference section */

/* Begin PBXFrameworksBuildPhase section */
		C59C832D21CE1E6F00CBD7EA /* Frameworks */ = {
			isa = PBXFrameworksBuildPhase;
			buildActionMask = 2147483647;
			files = (
			);
			runOnlyForDeploymentPostprocessing = 0;
		};
/* End PBXFrameworksBuildPhase section */

/* Begin PBXGroup section */
		C59C832721CE1E6F00CBD7EA = {
			isa = PBXGroup;
			children = (
				C59C833221CE1E6F00CBD7EA /* projectmap */,
				C59C833121CE1E6F00CBD7EA /* Products */,
			);
			sourceTree = "<group>";
		};
		C59C833121CE1E6F00CBD7EA /* Products */ = {
			isa = PBXGroup;
			children = (
				C59C833021CE1E6F00CBD7EA /* projectmap.app */,
			);
			name = Products;
			sourceTree = "<group>";
		};
		C59C833221CE1E6F00CBD7EA /* projectmap */ = {
			isa = PBXGroup;
			children = (
				C59C833321CE1E6F00CBD7EA /* AppDelegate.swift */,
				C59C833521CE1E6F00CBD7EA /* ViewController.swift */,
				C59C833721CE1E6F00CBD7EA /* Main.storyboard */,
				C59C833D21CE1E7000CBD7EA /* Assets.xcassets */,
				C59C833F21CE1E7000CBD7EA /* LaunchScreen.storyboard */,
				C59C834221CE1E7000CBD7EA /* Info.plist */,
				C59C833A21CE1E6F00CBD7EA /* projectmap.xcdatamodeld */,
			);
			path = projectmap;
			sourceTree = "<group>";
		};
/* End PBXGroup section */

/* Begin PBXNativeTarget section */
		C59C832F21CE1E6F00CBD7EA /* projectmap */ = {
			isa = PBXNativeTarget;
			buildConfigurationList = C59C834521CE1E7000CBD7EA /* Build configuration list for PBXNativeTarget "projectmap" */;
			buildPhases = (
				C59C832C21CE1E6F00CBD7EA /* Sources */,
				C59C832D21CE1E6F00CBD7EA /* Frameworks */,
				C59C832E21CE1E6F00CBD7EA /* Resources */,
			);
			buildRules = (
			);
			dependencies = (
			);
			name = projectmap;
			productName = projectmap;
			productReference = C59C833021CE1E6F00CBD7EA /* projectmap.app */;
			productType = "com.apple.product-type.application";
		};
/* End PBXNativeTarget section */

/* Begin PBXProject section */
		C59C832821CE1E6F00CBD7EA /* Project object */ = {
			isa = PBXProject;
			attributes = {
				LastSwiftUpdateCheck = 0940;
				LastUpgradeCheck = 0940;
				ORGANIZATIONNAME = nontawat;
				TargetAttributes = {
					C59C832F21CE1E6F00CBD7EA = {
						CreatedOnToolsVersion = 9.4.1;
					};
				};
			};
			buildConfigurationList = C59C832B21CE1E6F00CBD7EA /* Build configuration list for PBXProject "projectmap" */;
			compatibilityVersion = "Xcode 9.3";
			developmentRegion = en;
			hasScannedForEncodings = 0;
			knownRegions = (
				en,
				Base,
			);
			mainGroup = C59C832721CE1E6F00CBD7EA;
			productRefGroup = C59C833121CE1E6F00CBD7EA /* Products */;
			projectDirPath = "";
			projectRoot = "";
			targets = (
				C59C832F21CE1E6F00CBD7EA /* projectmap */,
			);
		};
/* End PBXProject section */

/* Begin PBXResourcesBuildPhase section */
		C59C832E21CE1E6F00CBD7EA /* Resources */ = {
			isa = PBXResourcesBuildPhase;
			buildActionMask = 2147483647;
			files = (
				C59C834121CE1E7000CBD7EA /* LaunchScreen.storyboard in Resources */,
				C59C833E21CE1E7000CBD7EA /* Assets.xcassets in Resources */,
				C59C833921CE1E6F00CBD7EA /* Main.storyboard in Resources */,
			);
			runOnlyForDeploymentPostprocessing = 0;
		};
/* End PBXResourcesBuildPhase section */

/* Begin PBXSourcesBuildPhase section */
		C59C832C21CE1E6F00CBD7EA /* Sources */ = {
			isa = PBXSourcesBuildPhase;
			buildActionMask = 2147483647;
			files = (
				C59C833C21CE1E6F00CBD7EA /* projectmap.xcdatamodeld in Sources */,
				C59C833621CE1E6F00CBD7EA /* ViewController.swift in Sources */,
				C59C833421CE1E6F00CBD7EA /* AppDelegate.swift in Sources */,
			);
			runOnlyForDeploymentPostprocessing = 0;
		};
/* End PBXSourcesBuildPhase section */

/* Begin PBXVariantGroup section */
		C59C833721CE1E6F00CBD7EA /* Main.storyboard */ = {
			isa = PBXVariantGroup;
			children = (
				C59C833821CE1E6F00CBD7EA /* Base */,
			);
			name = Main.storyboard;
			sourceTree = "<group>";
		};
		C59C833F21CE1E7000CBD7EA /* LaunchScreen.storyboard */ = {
			isa = PBXVariantGroup;
			children = (
				C59C834021CE1E7000CBD7EA /* Base */,
			);
			name = LaunchScreen.storyboard;
			sourceTree = "<group>";
		};
/* End PBXVariantGroup section */

/* Begin XCBuildConfiguration section */
		C59C834321CE1E7000CBD7EA /* Debug */ = {
			isa = XCBuildConfiguration;
			buildSettings = {
				ALWAYS_SEARCH_USER_PATHS = NO;
				CLANG_ANALYZER_NONNULL = YES;
				CLANG_ANALYZER_NUMBER_OBJECT_CONVERSION = YES_AGGRESSIVE;
				CLANG_CXX_LANGUAGE_STANDARD = "gnu++14";
				CLANG_CXX_LIBRARY = "libc++";
				CLANG_ENABLE_MODULES = YES;
				CLANG_ENABLE_OBJC_ARC = YES;
				CLANG_ENABLE_OBJC_WEAK = YES;
				CLANG_WARN_BLOCK_CAPTURE_AUTORELEASING = YES;
				CLANG_WARN_BOOL_CONVERSION = YES;
				CLANG_WARN_COMMA = YES;
				CLANG_WARN_CONSTANT_CONVERSION = YES;
				CLANG_WARN_DEPRECATED_OBJC_IMPLEMENTATIONS = YES;
				CLANG_WARN_DIRECT_OBJC_ISA_USAGE = YES_ERROR;
				CLANG_WARN_DOCUMENTATION_COMMENTS = YES;
				CLANG_WARN_EMPTY_BODY = YES;
				CLANG_WARN_ENUM_CONVERSION = YES;
				CLANG_WARN_INFINITE_RECURSION = YES;
				CLANG_WARN_INT_CONVERSION = YES;
				CLANG_WARN_NON_LITERAL_NULL_CONVERSION = YES;
				CLANG_WARN_OBJC_IMPLICIT_RETAIN_SELF = YES;
				CLANG_WARN_OBJC_LITERAL_CONVERSION = YES;
				CLANG_WARN_OBJC_ROOT_CLASS = YES_ERROR;
				CLANG_WARN_RANGE_LOOP_ANALYSIS = YES;
				CLANG_WARN_STRICT_PROTOTYPES = YES;
				CLANG_WARN_SUSPICIOUS_MOVE = YES;
				CLANG_WARN_UNGUARDED_AVAILABILITY = YES_AGGRESSIVE;
				CLANG_WARN_UNREACHABLE_CODE = YES;
				CLANG_WARN__DUPLICATE_METHOD_MATCH = YES;
				CODE_SIGN_IDENTITY = "iPhone Developer";
				COPY_PHASE_STRIP = NO;
				DEBUG_INFORMATION_FORMAT = dwarf;
				ENABLE_STRICT_OBJC_MSGSEND = YES;
				ENABLE_TESTABILITY = YES;
				GCC_C_LANGUAGE_STANDARD = gnu11;
				GCC_DYNAMIC_NO_PIC = NO;
				GCC_NO_COMMON_BLOCKS = YES;
				GCC_OPTIMIZATION_LEVEL = 0;
				GCC_PREPROCESSOR_DEFINITIONS = (
					"DEBUG=1",
					"$(inherited)",
				);
				GCC_WARN_64_TO_32_BIT_CONVERSION = YES;
				GCC_WARN_ABOUT_RETURN_TYPE = YES_ERROR;
				GCC_WARN_UNDECLARED_SELECTOR = YES;
				GCC_WARN_UNINITIALIZED_AUTOS = YES_AGGRESSIVE;
				GCC_WARN_UNUSED_FUNCTION = YES;
				GCC_WARN_UNUSED_VARIABLE = YES;
				IPHONEOS_DEPLOYMENT_TARGET = 11.4;
				MTL_ENABLE_DEBUG_INFO = YES;
				ONLY_ACTIVE_ARCH = YES;
				SDKROOT = iphoneos;
				SWIFT_ACTIVE_COMPILATION_CONDITIONS = DEBUG;
				SWIFT_OPTIMIZATION_LEVEL = "-Onone";
			};
			name = Debug;
		};
		C59C834421CE1E7000CBD7EA /* Release */ = {
			isa = XCBuildConfiguration;
			buildSettings = {
				ALWAYS_SEARCH_USER_PATHS = NO;
				CLANG_ANALYZER_NONNULL = YES;
				CLANG_ANALYZER_NUMBER_OBJECT_CONVERSION = YES_AGGRESSIVE;
				CLANG_CXX_LANGUAGE_STANDARD = "gnu++14";
				CLANG_CXX_LIBRARY = "libc++";
				CLANG_ENABLE_MODULES = YES;
				CLANG_ENABLE_OBJC_ARC = YES;
				CLANG_ENABLE_OBJC_WEAK = YES;
				CLANG_WARN_BLOCK_CAPTURE_AUTORELEASING = YES;
				CLANG_WARN_BOOL_CONVERSION = YES;
				CLANG_WARN_COMMA = YES;
				CLANG_WARN_CONSTANT_CONVERSION = YES;
				CLANG_WARN_DEPRECATED_OBJC_IMPLEMENTATIONS = YES;
				CLANG_WARN_DIRECT_OBJC_ISA_USAGE = YES_ERROR;
				CLANG_WARN_DOCUMENTATION_COMMENTS = YES;
				CLANG_WARN_EMPTY_BODY = YES;
				CLANG_WARN_ENUM_CONVERSION = YES;
				CLANG_WARN_INFINITE_RECURSION = YES;
				CLANG_WARN_INT_CONVERSION = YES;
				CLANG_WARN_NON_LITERAL_NULL_CONVERSION = YES;
				CLANG_WARN_OBJC_IMPLICIT_RETAIN_SELF = YES;
				CLANG_WARN_OBJC_LITERAL_CONVERSION = YES;
				CLANG_WARN_OBJC_ROOT_CLASS = YES_ERROR;
				CLANG_WARN_RANGE_LOOP_ANALYSIS = YES;
				CLANG_WARN_STRICT_PROTOTYPES = YES;
				CLANG_WARN_SUSPICIOUS_MOVE = YES;
				CLANG_WARN_UNGUARDED_AVAILABILITY = YES_AGGRESSIVE;
				CLANG_WARN_UNREACHABLE_CODE = YES;
				CLANG_WARN__DUPLICATE_METHOD_MATCH = YES;
				CODE_SIGN_IDENTITY = "iPhone Developer";
				COPY_PHASE_STRIP = NO;
				DEBUG_INFORMATION_FORMAT = "dwarf-with-dsym";
				ENABLE_NS_ASSERTIONS = NO;
				ENABLE_STRICT_OBJC_MSGSEND = YES;
				GCC_C_LANGUAGE_STANDARD = gnu11;
				GCC_NO_COMMON_BLOCKS = YES;
				GCC_WARN_64_TO_32_BIT_CONVERSION = YES;
				GCC_WARN_ABOUT_RETURN_TYPE = YES_ERROR;
				GCC_WARN_UNDECLARED_SELECTOR = YES;
				GCC_WARN_UNINITIALIZED_AUTOS = YES_AGGRESSIVE;
				GCC_WARN_UNUSED_FUNCTION = YES;
				GCC_WARN_UNUSED_VARIABLE = YES;
				IPHONEOS_DEPLOYMENT_TARGET = 11.4;
				MTL_ENABLE_DEBUG_INFO = NO;
				SDKROOT = iphoneos;
				SWIFT_COMPILATION_MODE = wholemodule;
				SWIFT_OPTIMIZATION_LEVEL = "-O";
				VALIDATE_PRODUCT = YES;
			};
			name = Release;
		};
		C59C834621CE1E7000CBD7EA /* Debug */ = {
			isa = XCBuildConfiguration;
			buildSettings = {
				ASSETCATALOG_COMPILER_APPICON_NAME = AppIcon;
				CODE_SIGN_STYLE = Automatic;
				INFOPLIST_FILE = projectmap/Info.plist;
				LD_RUNPATH_SEARCH_PATHS = (
					"$(inherited)",
					"@executable_path/Frameworks",
				);
				PRODUCT_BUNDLE_IDENTIFIER = nontawat.projectmap;
				PRODUCT_NAME = "$(TARGET_NAME)";
				SWIFT_VERSION = 4.0;
				TARGETED_DEVICE_FAMILY = "1,2";
			};
			name = Debug;
		};
		C59C834721CE1E7000CBD7EA /* Release */ = {
			isa = XCBuildConfiguration;
			buildSettings = {
				ASSETCATALOG_COMPILER_APPICON_NAME = AppIcon;
				CODE_SIGN_STYLE = Automatic;
				INFOPLIST_FILE = projectmap/Info.plist;
				LD_RUNPATH_SEARCH_PATHS = (
					"$(inherited)",
					"@executable_path/Frameworks",
				);
				PRODUCT_BUNDLE_IDENTIFIER = nontawat.projectmap;
				PRODUCT_NAME = "$(TARGET_NAME)";
				SWIFT_VERSION = 4.0;
				TARGETED_DEVICE_FAMILY = "1,2";
			};
			name = Release;
		};
/* End XCBuildConfiguration section */

/* Begin XCConfigurationList section */
		C59C832B21CE1E6F00CBD7EA /* Build configuration list for PBXProject "projectmap" */ = {
			isa = XCConfigurationList;
			buildConfigurations = (
				C59C834321CE1E7000CBD7EA /* Debug */,
				C59C834421CE1E7000CBD7EA /* Release */,
			);
			defaultConfigurationIsVisible = 0;
			defaultConfigurationName = Release;
		};
		C59C834521CE1E7000CBD7EA /* Build configuration list for PBXNativeTarget "projectmap" */ = {
			isa = XCConfigurationList;
			buildConfigurations = (
				C59C834621CE1E7000CBD7EA /* Debug */,
				C59C834721CE1E7000CBD7EA /* Release */,
			);
			defaultConfigurationIsVisible = 0;
			defaultConfigurationName = Release;
		};
/* End XCConfigurationList section */

/* Begin XCVersionGroup section */
		C59C833A21CE1E6F00CBD7EA /* projectmap.xcdatamodeld */ = {
			isa = XCVersionGroup;
			children = (
				C59C833B21CE1E6F00CBD7EA /* projectmap.xcdatamodel */,
			);
			currentVersion = C59C833B21CE1E6F00CBD7EA /* projectmap.xcdatamodel */;
			path = projectmap.xcdatamodeld;
			sourceTree = "<group>";
			versionGroupType = wrapper.xcdatamodel;
		};
/* End XCVersionGroup section */
	};
	rootObject = C59C832821CE1E6F00CBD7EA /* Project object */;
}
